
Microsoft Visual Studio Solution File, Format Version 12.00
# Visual Studio Version 17
VisualStudioVersion = 17.3.32929.385
MinimumVisualStudioVersion = 10.0.40219.1
Project("{FAE04EC0-301F-11D3-BF4B-00C04F79EFBC}") = "PersonApi", "PersonApi.csproj", "{F4BAC1BC-E818-4655-BE1D-063D7BC7E40E}"
EndProject
Global
	GlobalSection(SolutionConfigurationPlatforms) = preSolution
		Debug|Any CPU = Debug|Any CPU
		Release|Any CPU = Release|Any CPU
	EndGlobalSection
	GlobalSection(ProjectConfigurationPlatforms) = postSolution
		{F4BAC1BC-E818-4655-BE1D-063D7BC7E40E}.Debug|Any CPU.ActiveCfg = Debug|Any CPU
		{F4BAC1BC-E818-4655-BE1D-063D7BC7E40E}.Debug|Any CPU.Build.0 = Debug|Any CPU
		{F4BAC1BC-E818-4655-BE1D-063D7BC7E40E}.Release|Any CPU.ActiveCfg = Release|Any CPU
		{F4BAC1BC-E818-4655-BE1D-063D7BC7E40E}.Release|Any CPU.Build.0 = Release|Any CPU
	EndGlobalSection
	GlobalSection(SolutionProperties) = preSolution
		HideSolutionNode = FALSE
	EndGlobalSection
	GlobalSection(ExtensibilityGlobals) = postSolution
		SolutionGuid = {6477AFFF-AEF8-478A-AAF5-22E3295525E0}
	EndGlobalSection
EndGlobal
